
Microsoft Visual Studio Solution File, Format Version 12.00
# Visual Studio Version 17
VisualStudioVersion = 17.3.32922.545
MinimumVisualStudioVersion = 10.0.40219.1
Project("{FAE04EC0-301F-11D3-BF4B-00C04F79EFBC}") = "Lesson4", "Lesson4\Lesson4.csproj", "{8FA3C109-97AB-4AC0-89EC-CBC3C8B26D80}"
EndProject
Global
	GlobalSection(SolutionConfigurationPlatforms) = preSolution
		Debug|Any CPU = Debug|Any CPU
		Release|Any CPU = Release|Any CPU
	EndGlobalSection
	GlobalSection(ProjectConfigurationPlatforms) = postSolution
		{8FA3C109-97AB-4AC0-89EC-CBC3C8B26D80}.Debug|Any CPU.ActiveCfg = Debug|Any CPU
		{8FA3C109-97AB-4AC0-89EC-CBC3C8B26D80}.Debug|Any CPU.Build.0 = Debug|Any CPU
		{8FA3C109-97AB-4AC0-89EC-CBC3C8B26D80}.Release|Any CPU.ActiveCfg = Release|Any CPU
		{8FA3C109-97AB-4AC0-89EC-CBC3C8B26D80}.Release|Any CPU.Build.0 = Release|Any CPU
	EndGlobalSection
	GlobalSection(SolutionProperties) = preSolution
		HideSolutionNode = FALSE
	EndGlobalSection
	GlobalSection(ExtensibilityGlobals) = postSolution
		SolutionGuid = {7A88FB35-2FEC-4C16-A256-C50658FA1DBF}
	EndGlobalSection
EndGlobal
